
Microsoft Visual Studio Solution File, Format Version 12.00
# Visual Studio Version 17
VisualStudioVersion = 17.7.34202.233
MinimumVisualStudioVersion = 10.0.40219.1
Project("{FAE04EC0-301F-11D3-BF4B-00C04F79EFBC}") = "MakeRGB", "MakeRGB\MakeRGB.csproj", "{B784170E-AC38-4557-B7CF-EC94622C7EEF}"
EndProject
Global
	GlobalSection(SolutionConfigurationPlatforms) = preSolution
		Debug|Any CPU = Debug|Any CPU
		Release|Any CPU = Release|Any CPU
	EndGlobalSection
	GlobalSection(ProjectConfigurationPlatforms) = postSolution
		{B784170E-AC38-4557-B7CF-EC94622C7EEF}.Debug|Any CPU.ActiveCfg = Debug|Any CPU
		{B784170E-AC38-4557-B7CF-EC94622C7EEF}.Debug|Any CPU.Build.0 = Debug|Any CPU
		{B784170E-AC38-4557-B7CF-EC94622C7EEF}.Release|Any CPU.ActiveCfg = Release|Any CPU
		{B784170E-AC38-4557-B7CF-EC94622C7EEF}.Release|Any CPU.Build.0 = Release|Any CPU
	EndGlobalSection
	GlobalSection(SolutionProperties) = preSolution
		HideSolutionNode = FALSE
	EndGlobalSection
	GlobalSection(ExtensibilityGlobals) = postSolution
		SolutionGuid = {717ECF9C-C98B-4AC7-B908-E65B39A3DD69}
	EndGlobalSection
EndGlobal
